{
  "name": "@typedly/data-adapter",
  "version": "1.0.0-beta",
  "lockfileVersion": 3,
  "requires": true,
  "packages": {
    "": {
      "name": "@typedly/data-adapter",
      "version": "1.0.0-beta",
      "funding": [
        {
          "type": "stripe",
          "url": "https://donate.stripe.com/dR614hfDZcJE3wAcMM"
        },
        {
          "type": "Donorbox",
          "url": "https://donorbox.org/become-a-sponsor-to-the-angular-package?default_interval=once&amount=1"
        },
        {
          "type": "Open Collective",
          "url": "https://opencollective.com/sterblack"
        },
        {
          "type": "Ko-fi",
          "url": "https://ko-fi.com/sterblack"
        },
        {
          "type": "4Fund",
          "url": "https://4fund.com/bruubs"
        },
        {
          "type": "paypal",
          "url": "https://paypal.me/sterblack"
        },
        {
          "type": "individual",
          "url": "https://checkout.revolut.com/pay/048b10a3-0e10-42c8-a917-e3e9cb4c8e29"
        }
      ],
      "license": "MIT",
      "peerDependencies": {
        "@typedly/configurable-data": "^1.0.0-beta.1",
        "@typedly/data": "^5.0.0-beta.1",
        "@typedly/data-traits": "^1.0.0"
      }
    },
    "node_modules/@typedly/configurable-data": {
      "version": "1.0.0-beta.1",
      "resolved": "https://registry.npmjs.org/@typedly/configurable-data/-/configurable-data-1.0.0-beta.1.tgz",
      "integrity": "sha512-vKlLX+vBonz9peSYJ2O8UbfgdpA7wdOClFevFYUrdmu7yqEecoEtobEXyM7El74jmVYGCP+JsVhKKKezoDP7+A==",
      "funding": [
        {
          "type": "stripe",
          "url": "https://donate.stripe.com/dR614hfDZcJE3wAcMM"
        },
        {
          "type": "Donorbox",
          "url": "https://donorbox.org/become-a-sponsor-to-the-angular-package?default_interval=once&amount=1"
        },
        {
          "type": "Open Collective",
          "url": "https://opencollective.com/sterblack"
        },
        {
          "type": "Ko-fi",
          "url": "https://ko-fi.com/sterblack"
        },
        {
          "type": "4Fund",
          "url": "https://4fund.com/bruubs"
        },
        {
          "type": "paypal",
          "url": "https://paypal.me/sterblack"
        },
        {
          "type": "individual",
          "url": "https://checkout.revolut.com/pay/048b10a3-0e10-42c8-a917-e3e9cb4c8e29"
        }
      ],
      "license": "MIT",
      "peer": true,
      "peerDependencies": {
        "@typedly/data": "^5.0.0-beta.1",
        "@typedly/data-traits": "^1.0.0"
      }
    },
    "node_modules/@typedly/constructor": {
      "version": "1.0.0",
      "resolved": "https://registry.npmjs.org/@typedly/constructor/-/constructor-1.0.0.tgz",
      "integrity": "sha512-MFww4huWIfRpPjr2Gz001XKdYzfTe3tW94+EzXKwhiqnwrPApOazpjM5NG8GYP9etKUlmAqVIFEc0xclSwfRDg==",
      "funding": [
        {
          "type": "stripe",
          "url": "https://donate.stripe.com/dR614hfDZcJE3wAcMM"
        },
        {
          "type": "revolut",
          "url": "https://checkout.revolut.com/pay/048b10a3-0e10-42c8-a917-e3e9cb4c8e29"
        }
      ],
      "license": "MIT",
      "peer": true
    },
    "node_modules/@typedly/data": {
      "version": "5.0.0-beta.1",
      "resolved": "https://registry.npmjs.org/@typedly/data/-/data-5.0.0-beta.1.tgz",
      "integrity": "sha512-TBNbhW/y75BdCJp8o03rTo3WZJHt5sn3K7+SsFm4a88+Olgqb9+4eqUz6ju0shHFdpp3jPzR8zsRNrqQ1T1vrQ==",
      "funding": [
        {
          "type": "stripe",
          "url": "https://donate.stripe.com/dR614hfDZcJE3wAcMM"
        },
        {
          "type": "Donorbox",
          "url": "https://donorbox.org/become-a-sponsor-to-the-angular-package?default_interval=once&amount=1"
        },
        {
          "type": "Open Collective",
          "url": "https://opencollective.com/sterblack"
        },
        {
          "type": "Ko-fi",
          "url": "https://ko-fi.com/sterblack"
        },
        {
          "type": "4Fund",
          "url": "https://4fund.com/bruubs"
        },
        {
          "type": "paypal",
          "url": "https://paypal.me/sterblack"
        },
        {
          "type": "individual",
          "url": "https://checkout.revolut.com/pay/048b10a3-0e10-42c8-a917-e3e9cb4c8e29"
        }
      ],
      "license": "MIT",
      "peer": true,
      "peerDependencies": {
        "@typedly/constructor": "^1.0.0"
      }
    },
    "node_modules/@typedly/data-traits": {
      "version": "1.0.0",
      "resolved": "https://registry.npmjs.org/@typedly/data-traits/-/data-traits-1.0.0.tgz",
      "integrity": "sha512-seK8A4ULbUvZBlxR/df9oYErJRUsjrBNel1dG2TEhTqYGapRp2egCsJw17LdcY+RuZVQfspLSA0w8fDULKvDrQ==",
      "funding": [
        {
          "type": "stripe",
          "url": "https://donate.stripe.com/dR614hfDZcJE3wAcMM"
        },
        {
          "type": "Donorbox",
          "url": "https://donorbox.org/become-a-sponsor-to-the-angular-package?default_interval=once&amount=1"
        },
        {
          "type": "Open Collective",
          "url": "https://opencollective.com/sterblack"
        },
        {
          "type": "Ko-fi",
          "url": "https://ko-fi.com/sterblack"
        },
        {
          "type": "4Fund",
          "url": "https://4fund.com/bruubs"
        },
        {
          "type": "paypal",
          "url": "https://paypal.me/sterblack"
        },
        {
          "type": "individual",
          "url": "https://checkout.revolut.com/pay/048b10a3-0e10-42c8-a917-e3e9cb4c8e29"
        }
      ],
      "license": "MIT",
      "peer": true
    }
  }
}
