{
  "name": "@typedly/data-adapter",
  "version": "1.0.0",
  "lockfileVersion": 3,
  "requires": true,
  "packages": {
    "": {
      "name": "@typedly/data-adapter",
      "version": "1.0.0",
      "funding": [
        {
          "type": "stripe",
          "url": "https://donate.stripe.com/dR614hfDZcJE3wAcMM"
        },
        {
          "type": "Donorbox",
          "url": "https://donorbox.org/become-a-sponsor-to-the-angular-package?default_interval=once&amount=1"
        },
        {
          "type": "Open Collective",
          "url": "https://opencollective.com/sterblack"
        },
        {
          "type": "Ko-fi",
          "url": "https://ko-fi.com/sterblack"
        },
        {
          "type": "4Fund",
          "url": "https://4fund.com/bruubs"
        },
        {
          "type": "paypal",
          "url": "https://paypal.me/sterblack"
        },
        {
          "type": "individual",
          "url": "https://checkout.revolut.com/pay/048b10a3-0e10-42c8-a917-e3e9cb4c8e29"
        }
      ],
      "license": "MIT",
      "peerDependencies": {
        "@typedly/configurable-data": "^2.0.0",
        "@typedly/data": "^6.0.0",
        "@typedly/data-traits": "^1.1.0"
      }
    },
    "node_modules/@typedly/configurable-data": {
      "version": "2.0.0",
      "resolved": "https://registry.npmjs.org/@typedly/configurable-data/-/configurable-data-2.0.0.tgz",
      "integrity": "sha512-Znzv1UO5Fg0sNqJIqUa+VlaDFmkuCVSJOn2zpso8XLLXbVgLAUPL6SUTJ0tU0lr6NZ5aizJ57DMTDrecrhf1eQ==",
      "funding": [
        {
          "type": "stripe",
          "url": "https://donate.stripe.com/dR614hfDZcJE3wAcMM"
        },
        {
          "type": "Donorbox",
          "url": "https://donorbox.org/become-a-sponsor-to-the-angular-package?default_interval=once&amount=1"
        },
        {
          "type": "Open Collective",
          "url": "https://opencollective.com/sterblack"
        },
        {
          "type": "Ko-fi",
          "url": "https://ko-fi.com/sterblack"
        },
        {
          "type": "4Fund",
          "url": "https://4fund.com/bruubs"
        },
        {
          "type": "paypal",
          "url": "https://paypal.me/sterblack"
        },
        {
          "type": "individual",
          "url": "https://checkout.revolut.com/pay/048b10a3-0e10-42c8-a917-e3e9cb4c8e29"
        }
      ],
      "license": "MIT",
      "peer": true,
      "peerDependencies": {
        "@typedly/data": "^6.0.0",
        "@typedly/data-traits": "^1.1.0"
      }
    },
    "node_modules/@typedly/constructor": {
      "version": "1.0.0",
      "resolved": "https://registry.npmjs.org/@typedly/constructor/-/constructor-1.0.0.tgz",
      "integrity": "sha512-MFww4huWIfRpPjr2Gz001XKdYzfTe3tW94+EzXKwhiqnwrPApOazpjM5NG8GYP9etKUlmAqVIFEc0xclSwfRDg==",
      "funding": [
        {
          "type": "stripe",
          "url": "https://donate.stripe.com/dR614hfDZcJE3wAcMM"
        },
        {
          "type": "revolut",
          "url": "https://checkout.revolut.com/pay/048b10a3-0e10-42c8-a917-e3e9cb4c8e29"
        }
      ],
      "license": "MIT",
      "peer": true
    },
    "node_modules/@typedly/data": {
      "version": "6.0.0",
      "resolved": "https://registry.npmjs.org/@typedly/data/-/data-6.0.0.tgz",
      "integrity": "sha512-Dyp2BmrV9jNTEwXInyGWJv87FxLPMgkTU+cXNWlMKpR8Q7Qp5LDYrvNnkcA8BKTZ+1PdsdMtjJyKafgbdyHfUA==",
      "funding": [
        {
          "type": "stripe",
          "url": "https://donate.stripe.com/dR614hfDZcJE3wAcMM"
        },
        {
          "type": "Donorbox",
          "url": "https://donorbox.org/become-a-sponsor-to-the-angular-package?default_interval=once&amount=1"
        },
        {
          "type": "Open Collective",
          "url": "https://opencollective.com/sterblack"
        },
        {
          "type": "Ko-fi",
          "url": "https://ko-fi.com/sterblack"
        },
        {
          "type": "4Fund",
          "url": "https://4fund.com/bruubs"
        },
        {
          "type": "paypal",
          "url": "https://paypal.me/sterblack"
        },
        {
          "type": "individual",
          "url": "https://checkout.revolut.com/pay/048b10a3-0e10-42c8-a917-e3e9cb4c8e29"
        }
      ],
      "license": "MIT",
      "peer": true,
      "peerDependencies": {
        "@typedly/constructor": "^1.0.0"
      }
    },
    "node_modules/@typedly/data-traits": {
      "version": "1.1.0",
      "resolved": "https://registry.npmjs.org/@typedly/data-traits/-/data-traits-1.1.0.tgz",
      "integrity": "sha512-uNUt8dtTq6+178Lu808VuTj6CXZFa27zScNIKq5p1MrYkYtFSLr2+D7YlrnJ6QUAN6/Hn9TIvnW+msJP0YRDqA==",
      "funding": [
        {
          "type": "stripe",
          "url": "https://donate.stripe.com/dR614hfDZcJE3wAcMM"
        },
        {
          "type": "Donorbox",
          "url": "https://donorbox.org/become-a-sponsor-to-the-angular-package?default_interval=once&amount=1"
        },
        {
          "type": "Open Collective",
          "url": "https://opencollective.com/sterblack"
        },
        {
          "type": "Ko-fi",
          "url": "https://ko-fi.com/sterblack"
        },
        {
          "type": "4Fund",
          "url": "https://4fund.com/bruubs"
        },
        {
          "type": "paypal",
          "url": "https://paypal.me/sterblack"
        },
        {
          "type": "individual",
          "url": "https://checkout.revolut.com/pay/048b10a3-0e10-42c8-a917-e3e9cb4c8e29"
        }
      ],
      "license": "MIT",
      "peer": true
    }
  }
}
